<?xml version="1.0" encoding="utf-8"?>
<Project ToolsVersion="4.0" xmlns="http://schemas.microsoft.com/developer/msbuild/2003">
  <ItemGroup>
    <Filter Include="Source Files">
      <UniqueIdentifier>{4FC737F1-C7A5-4376-A066-2A32D752A2FF}</UniqueIdentifier>
      <Extensions>cpp;c;cc;cxx;def;odl;idl;hpj;bat;asm;asmx</Extensions>
    </Filter>
    <Filter Include="Header Files">
      <UniqueIdentifier>{93995380-89BD-4b04-88EB-625FBE52EBFB}</UniqueIdentifier>
      <Extensions>h;hh;hpp;hxx;hm;inl;inc;xsd</Extensions>
    </Filter>
    <Filter Include="Resource Files">
      <UniqueIdentifier>{67DA6AB6-F800-4c08-8B7A-83BB121AAD01}</UniqueIdentifier>
      <Extensions>rc;ico;cur;bmp;dlg;rc2;rct;bin;rgs;gif;jpg;jpeg;jpe;resx;tiff;tif;png;wav;mfcribbon-ms</Extensions>
    </Filter>
    <Filter Include="Header Files\common">
      <UniqueIdentifier>{2cdca656-1d94-4a1a-b586-e8e482ffa9c8}</UniqueIdentifier>
    </Filter>
    <Filter Include="Header Files\common\io">
      <UniqueIdentifier>{cae509b6-58fe-4297-9097-2cf3a9a44d96}</UniqueIdentifier>
    </Filter>
    <Filter Include="Header Files\common\io\serial">
      <UniqueIdentifier>{81fdff09-8db0-4442-8539-a4595db30544}</UniqueIdentifier>
    </Filter>
  </ItemGroup>
  <ItemGroup>
    <ClCompile Include="..\..\..\src\tests\main_tcp_to_virtcom_test.cpp">
      <Filter>Source Files</Filter>
    </ClCompile>
    <ClCompile Include="..\..\..\src\common\common_io_asyncbase.cpp">
      <Filter>Source Files</Filter>
    </ClCompile>
    <ClCompile Include="..\..\..\src\common\common_io_device.cpp">
      <Filter>Source Files</Filter>
    </ClCompile>
    <ClCompile Include="..\..\..\src\common\common_io_serial_async.cpp">
      <Filter>Source Files</Filter>
    </ClCompile>
    <ClCompile Include="..\..\..\src\common\common_io_serial_base.cpp">
      <Filter>Source Files</Filter>
    </ClCompile>
    <ClCompile Include="..\..\..\src\common\common_io_socket_base.cpp">
      <Filter>Source Files</Filter>
    </ClCompile>
    <ClCompile Include="..\..\..\src\common\common_io_socket_tcpasync.cpp">
      <Filter>Source Files</Filter>
    </ClCompile>
    <ClCompile Include="..\..\..\src\common\common_io_socket_tcpbase.cpp">
      <Filter>Source Files</Filter>
    </ClCompile>
    <ClCompile Include="..\..\..\src\common\common_io_proxy.cpp">
      <Filter>Source Files</Filter>
    </ClCompile>
  </ItemGroup>
  <ItemGroup>
    <ClInclude Include="..\..\..\include\common\io\proxy.hpp">
      <Filter>Header Files\common\io</Filter>
    </ClInclude>
    <ClInclude Include="..\..\..\include\common\io\asyncbase.hpp">
      <Filter>Header Files\common\io</Filter>
    </ClInclude>
    <ClInclude Include="..\..\..\include\common\io\device.hpp">
      <Filter>Header Files\common\io</Filter>
    </ClInclude>
    <ClInclude Include="..\..\..\include\common\io\impl.asyncbase.hpp">
      <Filter>Header Files\common\io</Filter>
    </ClInclude>
    <ClInclude Include="..\..\..\include\common\io\serial\async.hpp">
      <Filter>Header Files\common\io\serial</Filter>
    </ClInclude>
    <ClInclude Include="..\..\..\include\common\io\serial\base.hpp">
      <Filter>Header Files\common\io\serial</Filter>
    </ClInclude>
    <ClInclude Include="..\..\..\include\common\io\serial\impl.base.hpp">
      <Filter>Header Files\common\io\serial</Filter>
    </ClInclude>
  </ItemGroup>
</Project>