
Microsoft Visual Studio Solution File, Format Version 12.00
# Visual Studio 15
VisualStudioVersion = 15.0.28307.421
MinimumVisualStudioVersion = 10.0.40219.1
Project("{8BC9CEB8-8B4A-11D0-8D11-00A0C91BC942}") = "stepper_motor_for_thz_rpi_doocs_server", "stepper_motor_for_thz_rpi_doocs_server.vcxproj", "{F5CC6AA6-7691-442C-93DA-D653D4C151B0}"
EndProject
Global
	GlobalSection(SolutionConfigurationPlatforms) = preSolution
		Debug|ARM = Debug|ARM
		Debug|x64 = Debug|x64
		Debug|x86 = Debug|x86
		Release|ARM = Release|ARM
		Release|x64 = Release|x64
		Release|x86 = Release|x86
	EndGlobalSection
	GlobalSection(ProjectConfigurationPlatforms) = postSolution
		{F5CC6AA6-7691-442C-93DA-D653D4C151B0}.Debug|ARM.ActiveCfg = Debug|ARM
		{F5CC6AA6-7691-442C-93DA-D653D4C151B0}.Debug|ARM.Build.0 = Debug|ARM
		{F5CC6AA6-7691-442C-93DA-D653D4C151B0}.Debug|x64.ActiveCfg = Debug|x64
		{F5CC6AA6-7691-442C-93DA-D653D4C151B0}.Debug|x64.Build.0 = Debug|x64
		{F5CC6AA6-7691-442C-93DA-D653D4C151B0}.Debug|x86.ActiveCfg = Debug|Win32
		{F5CC6AA6-7691-442C-93DA-D653D4C151B0}.Debug|x86.Build.0 = Debug|Win32
		{F5CC6AA6-7691-442C-93DA-D653D4C151B0}.Release|ARM.ActiveCfg = Release|ARM
		{F5CC6AA6-7691-442C-93DA-D653D4C151B0}.Release|ARM.Build.0 = Release|ARM
		{F5CC6AA6-7691-442C-93DA-D653D4C151B0}.Release|x64.ActiveCfg = Release|x64
		{F5CC6AA6-7691-442C-93DA-D653D4C151B0}.Release|x64.Build.0 = Release|x64
		{F5CC6AA6-7691-442C-93DA-D653D4C151B0}.Release|x86.ActiveCfg = Release|Win32
		{F5CC6AA6-7691-442C-93DA-D653D4C151B0}.Release|x86.Build.0 = Release|Win32
	EndGlobalSection
	GlobalSection(SolutionProperties) = preSolution
		HideSolutionNode = FALSE
	EndGlobalSection
	GlobalSection(ExtensibilityGlobals) = postSolution
		SolutionGuid = {4040E332-C824-49D9-B5BE-1E76EE3932A9}
	EndGlobalSection
EndGlobal
