
Microsoft Visual Studio Solution File, Format Version 12.00
# Visual Studio 15
VisualStudioVersion = 15.0.28307.329
MinimumVisualStudioVersion = 10.0.40219.1
Project("{8BC9CEB8-8B4A-11D0-8D11-00A0C91BC942}") = "com_test1", "com_test1.vcxproj", "{CCF6F51D-4045-4058-BCE3-8489FB595C4A}"
EndProject
Global
	GlobalSection(SolutionConfigurationPlatforms) = preSolution
		Debug|ARM = Debug|ARM
		Debug|x64 = Debug|x64
		Debug|x86 = Debug|x86
		Release|ARM = Release|ARM
		Release|x64 = Release|x64
		Release|x86 = Release|x86
	EndGlobalSection
	GlobalSection(ProjectConfigurationPlatforms) = postSolution
		{CCF6F51D-4045-4058-BCE3-8489FB595C4A}.Debug|ARM.ActiveCfg = Debug|ARM
		{CCF6F51D-4045-4058-BCE3-8489FB595C4A}.Debug|ARM.Build.0 = Debug|ARM
		{CCF6F51D-4045-4058-BCE3-8489FB595C4A}.Debug|x64.ActiveCfg = Debug|x64
		{CCF6F51D-4045-4058-BCE3-8489FB595C4A}.Debug|x64.Build.0 = Debug|x64
		{CCF6F51D-4045-4058-BCE3-8489FB595C4A}.Debug|x86.ActiveCfg = Debug|Win32
		{CCF6F51D-4045-4058-BCE3-8489FB595C4A}.Debug|x86.Build.0 = Debug|Win32
		{CCF6F51D-4045-4058-BCE3-8489FB595C4A}.Release|ARM.ActiveCfg = Release|ARM
		{CCF6F51D-4045-4058-BCE3-8489FB595C4A}.Release|ARM.Build.0 = Release|ARM
		{CCF6F51D-4045-4058-BCE3-8489FB595C4A}.Release|x64.ActiveCfg = Release|x64
		{CCF6F51D-4045-4058-BCE3-8489FB595C4A}.Release|x64.Build.0 = Release|x64
		{CCF6F51D-4045-4058-BCE3-8489FB595C4A}.Release|x86.ActiveCfg = Release|Win32
		{CCF6F51D-4045-4058-BCE3-8489FB595C4A}.Release|x86.Build.0 = Release|Win32
	EndGlobalSection
	GlobalSection(SolutionProperties) = preSolution
		HideSolutionNode = FALSE
	EndGlobalSection
	GlobalSection(ExtensibilityGlobals) = postSolution
		SolutionGuid = {FD3B5C78-BE75-4630-8CA5-40C8D32385AA}
	EndGlobalSection
EndGlobal
